
Microsoft Visual Studio Solution File, Format Version 12.00
# Visual Studio Version 17
VisualStudioVersion = 17.12.35527.113 d17.12
MinimumVisualStudioVersion = 10.0.40219.1
Project("{FAE04EC0-301F-11D3-BF4B-00C04F79EFBC}") = "Nhom14_WebDauGia", "Nhom14_WebDauGia\Nhom14_WebDauGia.csproj", "{6B54F0A7-8D3B-443E-AD54-812D14B95CDA}"
EndProject
Global
	GlobalSection(SolutionConfigurationPlatforms) = preSolution
		Debug|Any CPU = Debug|Any CPU
		Release|Any CPU = Release|Any CPU
	EndGlobalSection
	GlobalSection(ProjectConfigurationPlatforms) = postSolution
		{6B54F0A7-8D3B-443E-AD54-812D14B95CDA}.Debug|Any CPU.ActiveCfg = Debug|Any CPU
		{6B54F0A7-8D3B-443E-AD54-812D14B95CDA}.Debug|Any CPU.Build.0 = Debug|Any CPU
		{6B54F0A7-8D3B-443E-AD54-812D14B95CDA}.Release|Any CPU.ActiveCfg = Release|Any CPU
		{6B54F0A7-8D3B-443E-AD54-812D14B95CDA}.Release|Any CPU.Build.0 = Release|Any CPU
	EndGlobalSection
	GlobalSection(SolutionProperties) = preSolution
		HideSolutionNode = FALSE
	EndGlobalSection
EndGlobal
